
Microsoft Visual Studio Solution File, Format Version 12.00
# Visual Studio Version 16
VisualStudioVersion = 16.0.30011.22
MinimumVisualStudioVersion = 10.0.40219.1
Project("{FAE04EC0-301F-11D3-BF4B-00C04F79EFBC}") = "BananaSongTest", "BananaSongTest.csproj", "{4C514F6F-78B6-4D90-9F82-04D7E7D1BFCD}"
EndProject
Global
	GlobalSection(SolutionConfigurationPlatforms) = preSolution
		Debug|Any CPU = Debug|Any CPU
		Release|Any CPU = Release|Any CPU
	EndGlobalSection
	GlobalSection(ProjectConfigurationPlatforms) = postSolution
		{4C514F6F-78B6-4D90-9F82-04D7E7D1BFCD}.Debug|Any CPU.ActiveCfg = Debug|Any CPU
		{4C514F6F-78B6-4D90-9F82-04D7E7D1BFCD}.Debug|Any CPU.Build.0 = Debug|Any CPU
		{4C514F6F-78B6-4D90-9F82-04D7E7D1BFCD}.Release|Any CPU.ActiveCfg = Release|Any CPU
		{4C514F6F-78B6-4D90-9F82-04D7E7D1BFCD}.Release|Any CPU.Build.0 = Release|Any CPU
	EndGlobalSection
	GlobalSection(SolutionProperties) = preSolution
		HideSolutionNode = FALSE
	EndGlobalSection
	GlobalSection(ExtensibilityGlobals) = postSolution
		SolutionGuid = {5BB69220-417C-4F75-9AB6-0CE2B6B94733}
	EndGlobalSection
EndGlobal
